// !$*UTF8*$!
{
	archiveVersion = 1;
	classes = {
	};
	objectVersion = 50;
	objects = {

/* Begin PBXBuildFile section */
		D300BDA0220EB25500B78FB8 /* AppDelegate.swift in Sources */ = {isa = PBXBuildFile; fileRef = D300BD9F220EB25500B78FB8 /* AppDelegate.swift */; };
		D300BDA2220EB25500B78FB8 /* ViewController.swift in Sources */ = {isa = PBXBuildFile; fileRef = D300BDA1220EB25500B78FB8 /* ViewController.swift */; };
		D300BDA5220EB25500B78FB8 /* Main.storyboard in Resources */ = {isa = PBXBuildFile; fileRef = D300BDA3220EB25500B78FB8 /* Main.storyboard */; };
		D300BDA7220EB25600B78FB8 /* Assets.xcassets in Resources */ = {isa = PBXBuildFile; fileRef = D300BDA6220EB25600B78FB8 /* Assets.xcassets */; };
		D300BDAA220EB25600B78FB8 /* LaunchScreen.storyboard in Resources */ = {isa = PBXBuildFile; fileRef = D300BDA8220EB25600B78FB8 /* LaunchScreen.storyboard */; };
		D300BDB5220EB25600B78FB8 /* QiitaAppTests.swift in Sources */ = {isa = PBXBuildFile; fileRef = D300BDB4220EB25600B78FB8 /* QiitaAppTests.swift */; };
		D300BDC0220EB25600B78FB8 /* QiitaAppUITests.swift in Sources */ = {isa = PBXBuildFile; fileRef = D300BDBF220EB25600B78FB8 /* QiitaAppUITests.swift */; };
/* End PBXBuildFile section */

/* Begin PBXContainerItemProxy section */
		D300BDB1220EB25600B78FB8 /* PBXContainerItemProxy */ = {
			isa = PBXContainerItemProxy;
			containerPortal = D300BD94220EB25500B78FB8 /* Project object */;
			proxyType = 1;
			remoteGlobalIDString = D300BD9B220EB25500B78FB8;
			remoteInfo = QiitaApp;
		};
		D300BDBC220EB25600B78FB8 /* PBXContainerItemProxy */ = {
			isa = PBXContainerItemProxy;
			containerPortal = D300BD94220EB25500B78FB8 /* Project object */;
			proxyType = 1;
			remoteGlobalIDString = D300BD9B220EB25500B78FB8;
			remoteInfo = QiitaApp;
		};
/* End PBXContainerItemProxy section */

/* Begin PBXFileReference section */
		D300BD9C220EB25500B78FB8 /* QiitaApp.app */ = {isa = PBXFileReference; explicitFileType = wrapper.application; includeInIndex = 0; path = QiitaApp.app; sourceTree = BUILT_PRODUCTS_DIR; };
		D300BD9F220EB25500B78FB8 /* AppDelegate.swift */ = {isa = PBXFileReference; lastKnownFileType = sourcecode.swift; path = AppDelegate.swift; sourceTree = "<group>"; };
		D300BDA1220EB25500B78FB8 /* ViewController.swift */ = {isa = PBXFileReference; lastKnownFileType = sourcecode.swift; path = ViewController.swift; sourceTree = "<group>"; };
		D300BDA4220EB25500B78FB8 /* Base */ = {isa = PBXFileReference; lastKnownFileType = file.storyboard; name = Base; path = Base.lproj/Main.storyboard; sourceTree = "<group>"; };
		D300BDA6220EB25600B78FB8 /* Assets.xcassets */ = {isa = PBXFileReference; lastKnownFileType = folder.assetcatalog; path = Assets.xcassets; sourceTree = "<group>"; };
		D300BDA9220EB25600B78FB8 /* Base */ = {isa = PBXFileReference; lastKnownFileType = file.storyboard; name = Base; path = Base.lproj/LaunchScreen.storyboard; sourceTree = "<group>"; };
		D300BDAB220EB25600B78FB8 /* Info.plist */ = {isa = PBXFileReference; lastKnownFileType = text.plist.xml; path = Info.plist; sourceTree = "<group>"; };
		D300BDB0220EB25600B78FB8 /* QiitaAppTests.xctest */ = {isa = PBXFileReference; explicitFileType = wrapper.cfbundle; includeInIndex = 0; path = QiitaAppTests.xctest; sourceTree = BUILT_PRODUCTS_DIR; };
		D300BDB4220EB25600B78FB8 /* QiitaAppTests.swift */ = {isa = PBXFileReference; lastKnownFileType = sourcecode.swift; path = QiitaAppTests.swift; sourceTree = "<group>"; };
		D300BDB6220EB25600B78FB8 /* Info.plist */ = {isa = PBXFileReference; lastKnownFileType = text.plist.xml; path = Info.plist; sourceTree = "<group>"; };
		D300BDBB220EB25600B78FB8 /* QiitaAppUITests.xctest */ = {isa = PBXFileReference; explicitFileType = wrapper.cfbundle; includeInIndex = 0; path = QiitaAppUITests.xctest; sourceTree = BUILT_PRODUCTS_DIR; };
		D300BDBF220EB25600B78FB8 /* QiitaAppUITests.swift */ = {isa = PBXFileReference; lastKnownFileType = sourcecode.swift; path = QiitaAppUITests.swift; sourceTree = "<group>"; };
		D300BDC1220EB25600B78FB8 /* Info.plist */ = {isa = PBXFileReference; lastKnownFileType = text.plist.xml; path = Info.plist; sourceTree = "<group>"; };
/* End PBXFileReference section */

/* Begin PBXFrameworksBuildPhase section */
		D300BD99220EB25500B78FB8 /* Frameworks */ = {
			isa = PBXFrameworksBuildPhase;
			buildActionMask = 2147483647;
			files = (
			);
			runOnlyForDeploymentPostprocessing = 0;
		};
		D300BDAD220EB25600B78FB8 /* Frameworks */ = {
			isa = PBXFrameworksBuildPhase;
			buildActionMask = 2147483647;
			files = (
			);
			runOnlyForDeploymentPostprocessing = 0;
		};
		D300BDB8220EB25600B78FB8 /* Frameworks */ = {
			isa = PBXFrameworksBuildPhase;
			buildActionMask = 2147483647;
			files = (
			);
			runOnlyForDeploymentPostprocessing = 0;
		};
/* End PBXFrameworksBuildPhase section */

/* Begin PBXGroup section */
		D300BD93220EB25500B78FB8 = {
			isa = PBXGroup;
			children = (
				D300BD9E220EB25500B78FB8 /* QiitaApp */,
				D300BDB3220EB25600B78FB8 /* QiitaAppTests */,
				D300BDBE220EB25600B78FB8 /* QiitaAppUITests */,
				D300BD9D220EB25500B78FB8 /* Products */,
			);
			sourceTree = "<group>";
		};
		D300BD9D220EB25500B78FB8 /* Products */ = {
			isa = PBXGroup;
			children = (
				D300BD9C220EB25500B78FB8 /* QiitaApp.app */,
				D300BDB0220EB25600B78FB8 /* QiitaAppTests.xctest */,
				D300BDBB220EB25600B78FB8 /* QiitaAppUITests.xctest */,
			);
			name = Products;
			sourceTree = "<group>";
		};
		D300BD9E220EB25500B78FB8 /* QiitaApp */ = {
			isa = PBXGroup;
			children = (
				D300BD9F220EB25500B78FB8 /* AppDelegate.swift */,
				D300BDA1220EB25500B78FB8 /* ViewController.swift */,
				D300BDA3220EB25500B78FB8 /* Main.storyboard */,
				D300BDA6220EB25600B78FB8 /* Assets.xcassets */,
				D300BDA8220EB25600B78FB8 /* LaunchScreen.storyboard */,
				D300BDAB220EB25600B78FB8 /* Info.plist */,
			);
			path = QiitaApp;
			sourceTree = "<group>";
		};
		D300BDB3220EB25600B78FB8 /* QiitaAppTests */ = {
			isa = PBXGroup;
			children = (
				D300BDB4220EB25600B78FB8 /* QiitaAppTests.swift */,
				D300BDB6220EB25600B78FB8 /* Info.plist */,
			);
			path = QiitaAppTests;
			sourceTree = "<group>";
		};
		D300BDBE220EB25600B78FB8 /* QiitaAppUITests */ = {
			isa = PBXGroup;
			children = (
				D300BDBF220EB25600B78FB8 /* QiitaAppUITests.swift */,
				D300BDC1220EB25600B78FB8 /* Info.plist */,
			);
			path = QiitaAppUITests;
			sourceTree = "<group>";
		};
/* End PBXGroup section */

/* Begin PBXNativeTarget section */
		D300BD9B220EB25500B78FB8 /* QiitaApp */ = {
			isa = PBXNativeTarget;
			buildConfigurationList = D300BDC4220EB25600B78FB8 /* Build configuration list for PBXNativeTarget "QiitaApp" */;
			buildPhases = (
				D300BD98220EB25500B78FB8 /* Sources */,
				D300BD99220EB25500B78FB8 /* Frameworks */,
				D300BD9A220EB25500B78FB8 /* Resources */,
			);
			buildRules = (
			);
			dependencies = (
			);
			name = QiitaApp;
			productName = QiitaApp;
			productReference = D300BD9C220EB25500B78FB8 /* QiitaApp.app */;
			productType = "com.apple.product-type.application";
		};
		D300BDAF220EB25600B78FB8 /* QiitaAppTests */ = {
			isa = PBXNativeTarget;
			buildConfigurationList = D300BDC7220EB25600B78FB8 /* Build configuration list for PBXNativeTarget "QiitaAppTests" */;
			buildPhases = (
				D300BDAC220EB25600B78FB8 /* Sources */,
				D300BDAD220EB25600B78FB8 /* Frameworks */,
				D300BDAE220EB25600B78FB8 /* Resources */,
			);
			buildRules = (
			);
			dependencies = (
				D300BDB2220EB25600B78FB8 /* PBXTargetDependency */,
			);
			name = QiitaAppTests;
			productName = QiitaAppTests;
			productReference = D300BDB0220EB25600B78FB8 /* QiitaAppTests.xctest */;
			productType = "com.apple.product-type.bundle.unit-test";
		};
		D300BDBA220EB25600B78FB8 /* QiitaAppUITests */ = {
			isa = PBXNativeTarget;
			buildConfigurationList = D300BDCA220EB25600B78FB8 /* Build configuration list for PBXNativeTarget "QiitaAppUITests" */;
			buildPhases = (
				D300BDB7220EB25600B78FB8 /* Sources */,
				D300BDB8220EB25600B78FB8 /* Frameworks */,
				D300BDB9220EB25600B78FB8 /* Resources */,
			);
			buildRules = (
			);
			dependencies = (
				D300BDBD220EB25600B78FB8 /* PBXTargetDependency */,
			);
			name = QiitaAppUITests;
			productName = QiitaAppUITests;
			productReference = D300BDBB220EB25600B78FB8 /* QiitaAppUITests.xctest */;
			productType = "com.apple.product-type.bundle.ui-testing";
		};
/* End PBXNativeTarget section */

/* Begin PBXProject section */
		D300BD94220EB25500B78FB8 /* Project object */ = {
			isa = PBXProject;
			attributes = {
				LastSwiftUpdateCheck = 1010;
				LastUpgradeCheck = 1010;
				ORGANIZATIONNAME = SampleApp;
				TargetAttributes = {
					D300BD9B220EB25500B78FB8 = {
						CreatedOnToolsVersion = 10.1;
					};
					D300BDAF220EB25600B78FB8 = {
						CreatedOnToolsVersion = 10.1;
						TestTargetID = D300BD9B220EB25500B78FB8;
					};
					D300BDBA220EB25600B78FB8 = {
						CreatedOnToolsVersion = 10.1;
						TestTargetID = D300BD9B220EB25500B78FB8;
					};
				};
			};
			buildConfigurationList = D300BD97220EB25500B78FB8 /* Build configuration list for PBXProject "QiitaApp" */;
			compatibilityVersion = "Xcode 9.3";
			developmentRegion = en;
			hasScannedForEncodings = 0;
			knownRegions = (
				en,
				Base,
			);
			mainGroup = D300BD93220EB25500B78FB8;
			productRefGroup = D300BD9D220EB25500B78FB8 /* Products */;
			projectDirPath = "";
			projectRoot = "";
			targets = (
				D300BD9B220EB25500B78FB8 /* QiitaApp */,
				D300BDAF220EB25600B78FB8 /* QiitaAppTests */,
				D300BDBA220EB25600B78FB8 /* QiitaAppUITests */,
			);
		};
/* End PBXProject section */

/* Begin PBXResourcesBuildPhase section */
		D300BD9A220EB25500B78FB8 /* Resources */ = {
			isa = PBXResourcesBuildPhase;
			buildActionMask = 2147483647;
			files = (
				D300BDAA220EB25600B78FB8 /* LaunchScreen.storyboard in Resources */,
				D300BDA7220EB25600B78FB8 /* Assets.xcassets in Resources */,
				D300BDA5220EB25500B78FB8 /* Main.storyboard in Resources */,
			);
			runOnlyForDeploymentPostprocessing = 0;
		};
		D300BDAE220EB25600B78FB8 /* Resources */ = {
			isa = PBXResourcesBuildPhase;
			buildActionMask = 2147483647;
			files = (
			);
			runOnlyForDeploymentPostprocessing = 0;
		};
		D300BDB9220EB25600B78FB8 /* Resources */ = {
			isa = PBXResourcesBuildPhase;
			buildActionMask = 2147483647;
			files = (
			);
			runOnlyForDeploymentPostprocessing = 0;
		};
/* End PBXResourcesBuildPhase section */

/* Begin PBXSourcesBuildPhase section */
		D300BD98220EB25500B78FB8 /* Sources */ = {
			isa = PBXSourcesBuildPhase;
			buildActionMask = 2147483647;
			files = (
				D300BDA2220EB25500B78FB8 /* ViewController.swift in Sources */,
				D300BDA0220EB25500B78FB8 /* AppDelegate.swift in Sources */,
			);
			runOnlyForDeploymentPostprocessing = 0;
		};
		D300BDAC220EB25600B78FB8 /* Sources */ = {
			isa = PBXSourcesBuildPhase;
			buildActionMask = 2147483647;
			files = (
				D300BDB5220EB25600B78FB8 /* QiitaAppTests.swift in Sources */,
			);
			runOnlyForDeploymentPostprocessing = 0;
		};
		D300BDB7220EB25600B78FB8 /* Sources */ = {
			isa = PBXSourcesBuildPhase;
			buildActionMask = 2147483647;
			files = (
				D300BDC0220EB25600B78FB8 /* QiitaAppUITests.swift in Sources */,
			);
			runOnlyForDeploymentPostprocessing = 0;
		};
/* End PBXSourcesBuildPhase section */

/* Begin PBXTargetDependency section */
		D300BDB2220EB25600B78FB8 /* PBXTargetDependency */ = {
			isa = PBXTargetDependency;
			target = D300BD9B220EB25500B78FB8 /* QiitaApp */;
			targetProxy = D300BDB1220EB25600B78FB8 /* PBXContainerItemProxy */;
		};
		D300BDBD220EB25600B78FB8 /* PBXTargetDependency */ = {
			isa = PBXTargetDependency;
			target = D300BD9B220EB25500B78FB8 /* QiitaApp */;
			targetProxy = D300BDBC220EB25600B78FB8 /* PBXContainerItemProxy */;
		};
/* End PBXTargetDependency section */

/* Begin PBXVariantGroup section */
		D300BDA3220EB25500B78FB8 /* Main.storyboard */ = {
			isa = PBXVariantGroup;
			children = (
				D300BDA4220EB25500B78FB8 /* Base */,
			);
			name = Main.storyboard;
			sourceTree = "<group>";
		};
		D300BDA8220EB25600B78FB8 /* LaunchScreen.storyboard */ = {
			isa = PBXVariantGroup;
			children = (
				D300BDA9220EB25600B78FB8 /* Base */,
			);
			name = LaunchScreen.storyboard;
			sourceTree = "<group>";
		};
/* End PBXVariantGroup section */

/* Begin XCBuildConfiguration section */
		D300BDC2220EB25600B78FB8 /* Debug */ = {
			isa = XCBuildConfiguration;
			buildSettings = {
				ALWAYS_SEARCH_USER_PATHS = NO;
				CLANG_ANALYZER_NONNULL = YES;
				CLANG_ANALYZER_NUMBER_OBJECT_CONVERSION = YES_AGGRESSIVE;
				CLANG_CXX_LANGUAGE_STANDARD = "gnu++14";
				CLANG_CXX_LIBRARY = "libc++";
				CLANG_ENABLE_MODULES = YES;
				CLANG_ENABLE_OBJC_ARC = YES;
				CLANG_ENABLE_OBJC_WEAK = YES;
				CLANG_WARN_BLOCK_CAPTURE_AUTORELEASING = YES;
				CLANG_WARN_BOOL_CONVERSION = YES;
				CLANG_WARN_COMMA = YES;
				CLANG_WARN_CONSTANT_CONVERSION = YES;
				CLANG_WARN_DEPRECATED_OBJC_IMPLEMENTATIONS = YES;
				CLANG_WARN_DIRECT_OBJC_ISA_USAGE = YES_ERROR;
				CLANG_WARN_DOCUMENTATION_COMMENTS = YES;
				CLANG_WARN_EMPTY_BODY = YES;
				CLANG_WARN_ENUM_CONVERSION = YES;
				CLANG_WARN_INFINITE_RECURSION = YES;
				CLANG_WARN_INT_CONVERSION = YES;
				CLANG_WARN_NON_LITERAL_NULL_CONVERSION = YES;
				CLANG_WARN_OBJC_IMPLICIT_RETAIN_SELF = YES;
				CLANG_WARN_OBJC_LITERAL_CONVERSION = YES;
				CLANG_WARN_OBJC_ROOT_CLASS = YES_ERROR;
				CLANG_WARN_RANGE_LOOP_ANALYSIS = YES;
				CLANG_WARN_STRICT_PROTOTYPES = YES;
				CLANG_WARN_SUSPICIOUS_MOVE = YES;
				CLANG_WARN_UNGUARDED_AVAILABILITY = YES_AGGRESSIVE;
				CLANG_WARN_UNREACHABLE_CODE = YES;
				CLANG_WARN__DUPLICATE_METHOD_MATCH = YES;
				CODE_SIGN_IDENTITY = "iPhone Developer";
				COPY_PHASE_STRIP = NO;
				DEBUG_INFORMATION_FORMAT = dwarf;
				ENABLE_STRICT_OBJC_MSGSEND = YES;
				ENABLE_TESTABILITY = YES;
				GCC_C_LANGUAGE_STANDARD = gnu11;
				GCC_DYNAMIC_NO_PIC = NO;
				GCC_NO_COMMON_BLOCKS = YES;
				GCC_OPTIMIZATION_LEVEL = 0;
				GCC_PREPROCESSOR_DEFINITIONS = (
					"DEBUG=1",
					"$(inherited)",
				);
				GCC_WARN_64_TO_32_BIT_CONVERSION = YES;
				GCC_WARN_ABOUT_RETURN_TYPE = YES_ERROR;
				GCC_WARN_UNDECLARED_SELECTOR = YES;
				GCC_WARN_UNINITIALIZED_AUTOS = YES_AGGRESSIVE;
				GCC_WARN_UNUSED_FUNCTION = YES;
				GCC_WARN_UNUSED_VARIABLE = YES;
				IPHONEOS_DEPLOYMENT_TARGET = 12.1;
				MTL_ENABLE_DEBUG_INFO = INCLUDE_SOURCE;
				MTL_FAST_MATH = YES;
				ONLY_ACTIVE_ARCH = YES;
				SDKROOT = iphoneos;
				SWIFT_ACTIVE_COMPILATION_CONDITIONS = DEBUG;
				SWIFT_OPTIMIZATION_LEVEL = "-Onone";
			};
			name = Debug;
		};
		D300BDC3220EB25600B78FB8 /* Release */ = {
			isa = XCBuildConfiguration;
			buildSettings = {
				ALWAYS_SEARCH_USER_PATHS = NO;
				CLANG_ANALYZER_NONNULL = YES;
				CLANG_ANALYZER_NUMBER_OBJECT_CONVERSION = YES_AGGRESSIVE;
				CLANG_CXX_LANGUAGE_STANDARD = "gnu++14";
				CLANG_CXX_LIBRARY = "libc++";
				CLANG_ENABLE_MODULES = YES;
				CLANG_ENABLE_OBJC_ARC = YES;
				CLANG_ENABLE_OBJC_WEAK = YES;
				CLANG_WARN_BLOCK_CAPTURE_AUTORELEASING = YES;
				CLANG_WARN_BOOL_CONVERSION = YES;
				CLANG_WARN_COMMA = YES;
				CLANG_WARN_CONSTANT_CONVERSION = YES;
				CLANG_WARN_DEPRECATED_OBJC_IMPLEMENTATIONS = YES;
				CLANG_WARN_DIRECT_OBJC_ISA_USAGE = YES_ERROR;
				CLANG_WARN_DOCUMENTATION_COMMENTS = YES;
				CLANG_WARN_EMPTY_BODY = YES;
				CLANG_WARN_ENUM_CONVERSION = YES;
				CLANG_WARN_INFINITE_RECURSION = YES;
				CLANG_WARN_INT_CONVERSION = YES;
				CLANG_WARN_NON_LITERAL_NULL_CONVERSION = YES;
				CLANG_WARN_OBJC_IMPLICIT_RETAIN_SELF = YES;
				CLANG_WARN_OBJC_LITERAL_CONVERSION = YES;
				CLANG_WARN_OBJC_ROOT_CLASS = YES_ERROR;
				CLANG_WARN_RANGE_LOOP_ANALYSIS = YES;
				CLANG_WARN_STRICT_PROTOTYPES = YES;
				CLANG_WARN_SUSPICIOUS_MOVE = YES;
				CLANG_WARN_UNGUARDED_AVAILABILITY = YES_AGGRESSIVE;
				CLANG_WARN_UNREACHABLE_CODE = YES;
				CLANG_WARN__DUPLICATE_METHOD_MATCH = YES;
				CODE_SIGN_IDENTITY = "iPhone Developer";
				COPY_PHASE_STRIP = NO;
				DEBUG_INFORMATION_FORMAT = "dwarf-with-dsym";
				ENABLE_NS_ASSERTIONS = NO;
				ENABLE_STRICT_OBJC_MSGSEND = YES;
				GCC_C_LANGUAGE_STANDARD = gnu11;
				GCC_NO_COMMON_BLOCKS = YES;
				GCC_WARN_64_TO_32_BIT_CONVERSION = YES;
				GCC_WARN_ABOUT_RETURN_TYPE = YES_ERROR;
				GCC_WARN_UNDECLARED_SELECTOR = YES;
				GCC_WARN_UNINITIALIZED_AUTOS = YES_AGGRESSIVE;
				GCC_WARN_UNUSED_FUNCTION = YES;
				GCC_WARN_UNUSED_VARIABLE = YES;
				IPHONEOS_DEPLOYMENT_TARGET = 12.1;
				MTL_ENABLE_DEBUG_INFO = NO;
				MTL_FAST_MATH = YES;
				SDKROOT = iphoneos;
				SWIFT_COMPILATION_MODE = wholemodule;
				SWIFT_OPTIMIZATION_LEVEL = "-O";
				VALIDATE_PRODUCT = YES;
			};
			name = Release;
		};
		D300BDC5220EB25600B78FB8 /* Debug */ = {
			isa = XCBuildConfiguration;
			buildSettings = {
				ASSETCATALOG_COMPILER_APPICON_NAME = AppIcon;
				CODE_SIGN_STYLE = Automatic;
				DEVELOPMENT_TEAM = 652A8TH8HY;
				INFOPLIST_FILE = QiitaApp/Info.plist;
				LD_RUNPATH_SEARCH_PATHS = (
					"$(inherited)",
					"@executable_path/Frameworks",
				);
				PRODUCT_BUNDLE_IDENTIFIER = jpapp.QiitaApp;
				PRODUCT_NAME = "$(TARGET_NAME)";
				SWIFT_VERSION = 4.2;
				TARGETED_DEVICE_FAMILY = "1,2";
			};
			name = Debug;
		};
		D300BDC6220EB25600B78FB8 /* Release */ = {
			isa = XCBuildConfiguration;
			buildSettings = {
				ASSETCATALOG_COMPILER_APPICON_NAME = AppIcon;
				CODE_SIGN_STYLE = Automatic;
				DEVELOPMENT_TEAM = 652A8TH8HY;
				INFOPLIST_FILE = QiitaApp/Info.plist;
				LD_RUNPATH_SEARCH_PATHS = (
					"$(inherited)",
					"@executable_path/Frameworks",
				);
				PRODUCT_BUNDLE_IDENTIFIER = jpapp.QiitaApp;
				PRODUCT_NAME = "$(TARGET_NAME)";
				SWIFT_VERSION = 4.2;
				TARGETED_DEVICE_FAMILY = "1,2";
			};
			name = Release;
		};
		D300BDC8220EB25600B78FB8 /* Debug */ = {
			isa = XCBuildConfiguration;
			buildSettings = {
				ALWAYS_EMBED_SWIFT_STANDARD_LIBRARIES = YES;
				BUNDLE_LOADER = "$(TEST_HOST)";
				CODE_SIGN_STYLE = Automatic;
				DEVELOPMENT_TEAM = 652A8TH8HY;
				INFOPLIST_FILE = QiitaAppTests/Info.plist;
				LD_RUNPATH_SEARCH_PATHS = (
					"$(inherited)",
					"@executable_path/Frameworks",
					"@loader_path/Frameworks",
				);
				PRODUCT_BUNDLE_IDENTIFIER = jpapp.QiitaAppTests;
				PRODUCT_NAME = "$(TARGET_NAME)";
				SWIFT_VERSION = 4.2;
				TARGETED_DEVICE_FAMILY = "1,2";
				TEST_HOST = "$(BUILT_PRODUCTS_DIR)/QiitaApp.app/QiitaApp";
			};
			name = Debug;
		};
		D300BDC9220EB25600B78FB8 /* Release */ = {
			isa = XCBuildConfiguration;
			buildSettings = {
				ALWAYS_EMBED_SWIFT_STANDARD_LIBRARIES = YES;
				BUNDLE_LOADER = "$(TEST_HOST)";
				CODE_SIGN_STYLE = Automatic;
				DEVELOPMENT_TEAM = 652A8TH8HY;
				INFOPLIST_FILE = QiitaAppTests/Info.plist;
				LD_RUNPATH_SEARCH_PATHS = (
					"$(inherited)",
					"@executable_path/Frameworks",
					"@loader_path/Frameworks",
				);
				PRODUCT_BUNDLE_IDENTIFIER = jpapp.QiitaAppTests;
				PRODUCT_NAME = "$(TARGET_NAME)";
				SWIFT_VERSION = 4.2;
				TARGETED_DEVICE_FAMILY = "1,2";
				TEST_HOST = "$(BUILT_PRODUCTS_DIR)/QiitaApp.app/QiitaApp";
			};
			name = Release;
		};
		D300BDCB220EB25600B78FB8 /* Debug */ = {
			isa = XCBuildConfiguration;
			buildSettings = {
				ALWAYS_EMBED_SWIFT_STANDARD_LIBRARIES = YES;
				CODE_SIGN_STYLE = Automatic;
				DEVELOPMENT_TEAM = 652A8TH8HY;
				INFOPLIST_FILE = QiitaAppUITests/Info.plist;
				LD_RUNPATH_SEARCH_PATHS = (
					"$(inherited)",
					"@executable_path/Frameworks",
					"@loader_path/Frameworks",
				);
				PRODUCT_BUNDLE_IDENTIFIER = jpapp.QiitaAppUITests;
				PRODUCT_NAME = "$(TARGET_NAME)";
				SWIFT_VERSION = 4.2;
				TARGETED_DEVICE_FAMILY = "1,2";
				TEST_TARGET_NAME = QiitaApp;
			};
			name = Debug;
		};
		D300BDCC220EB25600B78FB8 /* Release */ = {
			isa = XCBuildConfiguration;
			buildSettings = {
				ALWAYS_EMBED_SWIFT_STANDARD_LIBRARIES = YES;
				CODE_SIGN_STYLE = Automatic;
				DEVELOPMENT_TEAM = 652A8TH8HY;
				INFOPLIST_FILE = QiitaAppUITests/Info.plist;
				LD_RUNPATH_SEARCH_PATHS = (
					"$(inherited)",
					"@executable_path/Frameworks",
					"@loader_path/Frameworks",
				);
				PRODUCT_BUNDLE_IDENTIFIER = jpapp.QiitaAppUITests;
				PRODUCT_NAME = "$(TARGET_NAME)";
				SWIFT_VERSION = 4.2;
				TARGETED_DEVICE_FAMILY = "1,2";
				TEST_TARGET_NAME = QiitaApp;
			};
			name = Release;
		};
/* End XCBuildConfiguration section */

/* Begin XCConfigurationList section */
		D300BD97220EB25500B78FB8 /* Build configuration list for PBXProject "QiitaApp" */ = {
			isa = XCConfigurationList;
			buildConfigurations = (
				D300BDC2220EB25600B78FB8 /* Debug */,
				D300BDC3220EB25600B78FB8 /* Release */,
			);
			defaultConfigurationIsVisible = 0;
			defaultConfigurationName = Release;
		};
		D300BDC4220EB25600B78FB8 /* Build configuration list for PBXNativeTarget "QiitaApp" */ = {
			isa = XCConfigurationList;
			buildConfigurations = (
				D300BDC5220EB25600B78FB8 /* Debug */,
				D300BDC6220EB25600B78FB8 /* Release */,
			);
			defaultConfigurationIsVisible = 0;
			defaultConfigurationName = Release;
		};
		D300BDC7220EB25600B78FB8 /* Build configuration list for PBXNativeTarget "QiitaAppTests" */ = {
			isa = XCConfigurationList;
			buildConfigurations = (
				D300BDC8220EB25600B78FB8 /* Debug */,
				D300BDC9220EB25600B78FB8 /* Release */,
			);
			defaultConfigurationIsVisible = 0;
			defaultConfigurationName = Release;
		};
		D300BDCA220EB25600B78FB8 /* Build configuration list for PBXNativeTarget "QiitaAppUITests" */ = {
			isa = XCConfigurationList;
			buildConfigurations = (
				D300BDCB220EB25600B78FB8 /* Debug */,
				D300BDCC220EB25600B78FB8 /* Release */,
			);
			defaultConfigurationIsVisible = 0;
			defaultConfigurationName = Release;
		};
/* End XCConfigurationList section */
	};
	rootObject = D300BD94220EB25500B78FB8 /* Project object */;
}
